// !$*UTF8*$!
{
	archiveVersion = 1;
	classes = {
	};
	objectVersion = 51;
	objects = {

/* Begin PBXBuildFile section */
		0B38C464D103957949F309E4 /* Pods_GBTrainingApp.framework in Frameworks */ = {isa = PBXBuildFile; fileRef = C22BA167FA6C4A931E90FD2F /* Pods_GBTrainingApp.framework */; };
		66747E7CB68CF91A71279084 /* Pods_GBTrainingAppTests.framework in Frameworks */ = {isa = PBXBuildFile; fileRef = BB98F46A852E2339CF38369E /* Pods_GBTrainingAppTests.framework */; };
		E10B48E62546B0FF008C1D4A /* UIViewController+Ext.swift in Sources */ = {isa = PBXBuildFile; fileRef = E10B48E52546B0FF008C1D4A /* UIViewController+Ext.swift */; };
		E10C0CFD25303F2300CA0723 /* Group+CoreDataClass.swift in Sources */ = {isa = PBXBuildFile; fileRef = E10C0CFB25303F2300CA0723 /* Group+CoreDataClass.swift */; };
		E10C0CFE25303F2300CA0723 /* Group+CoreDataProperties.swift in Sources */ = {isa = PBXBuildFile; fileRef = E10C0CFC25303F2300CA0723 /* Group+CoreDataProperties.swift */; };
		E158DBCA252F593900BB1774 /* Photo+CoreDataProperties.swift in Sources */ = {isa = PBXBuildFile; fileRef = E158DBC9252F593900BB1774 /* Photo+CoreDataProperties.swift */; };
		E158DBCF252F599F00BB1774 /* Photo+CoreDataClass.swift in Sources */ = {isa = PBXBuildFile; fileRef = E158DBCE252F599F00BB1774 /* Photo+CoreDataClass.swift */; };
		E160CA522546F03F009EBAEA /* VKSecondaryTitleLabel.swift in Sources */ = {isa = PBXBuildFile; fileRef = E160CA512546F03F009EBAEA /* VKSecondaryTitleLabel.swift */; };
		E161046E254029D2009B3F9E /* LoginView.swift in Sources */ = {isa = PBXBuildFile; fileRef = E161046D254029D2009B3F9E /* LoginView.swift */; };
		E161047C25402F16009B3F9E /* VKTextField.swift in Sources */ = {isa = PBXBuildFile; fileRef = E161047B25402F16009B3F9E /* VKTextField.swift */; };
		E161048425405C77009B3F9E /* VKButton.swift in Sources */ = {isa = PBXBuildFile; fileRef = E161048325405C77009B3F9E /* VKButton.swift */; };
		E16104892540682E009B3F9E /* LoginVC.swift in Sources */ = {isa = PBXBuildFile; fileRef = E16104882540682E009B3F9E /* LoginVC.swift */; };
		E16104A02541C202009B3F9E /* VKScrollView.swift in Sources */ = {isa = PBXBuildFile; fileRef = E161049F2541C202009B3F9E /* VKScrollView.swift */; };
		E1914FF0253EC20D00EC27E8 /* GoogleService-Info.plist in Resources */ = {isa = PBXBuildFile; fileRef = E1914FEF253EC20D00EC27E8 /* GoogleService-Info.plist */; };
		E1A7C90A25303CC4003418B4 /* MyFriend+CoreDataClass.swift in Sources */ = {isa = PBXBuildFile; fileRef = E1A7C90925303CC4003418B4 /* MyFriend+CoreDataClass.swift */; };
		E1BFADC1254360FF000F1EB6 /* AlertView.swift in Sources */ = {isa = PBXBuildFile; fileRef = E1BFADC0254360FF000F1EB6 /* AlertView.swift */; };
		E1BFADC925436231000F1EB6 /* VKTitleLabel.swift in Sources */ = {isa = PBXBuildFile; fileRef = E1BFADC825436231000F1EB6 /* VKTitleLabel.swift */; };
		E1BFADCE2543634B000F1EB6 /* VKBodyLabel.swift in Sources */ = {isa = PBXBuildFile; fileRef = E1BFADCD2543634B000F1EB6 /* VKBodyLabel.swift */; };
		E1BFADD32543706D000F1EB6 /* AlertVC.swift in Sources */ = {isa = PBXBuildFile; fileRef = E1BFADD22543706D000F1EB6 /* AlertVC.swift */; };
		E1C0FBA6253621230009F1EE /* MyFriend+CoreDataProperties.swift in Sources */ = {isa = PBXBuildFile; fileRef = E1C0FBA5253621230009F1EE /* MyFriend+CoreDataProperties.swift */; };
		E1D3D2C1252F07C8002EF01E /* AppDelegate.swift in Sources */ = {isa = PBXBuildFile; fileRef = E1D3D2C0252F07C8002EF01E /* AppDelegate.swift */; };
		E1D3D2C3252F07C8002EF01E /* SceneDelegate.swift in Sources */ = {isa = PBXBuildFile; fileRef = E1D3D2C2252F07C8002EF01E /* SceneDelegate.swift */; };
		E1D3D2CB252F07C8002EF01E /* GBTrainingApp.xcdatamodeld in Sources */ = {isa = PBXBuildFile; fileRef = E1D3D2C9252F07C8002EF01E /* GBTrainingApp.xcdatamodeld */; };
		E1D3D2CD252F07CA002EF01E /* Assets.xcassets in Resources */ = {isa = PBXBuildFile; fileRef = E1D3D2CC252F07CA002EF01E /* Assets.xcassets */; };
		E1D3D2D0252F07CA002EF01E /* LaunchScreen.storyboard in Resources */ = {isa = PBXBuildFile; fileRef = E1D3D2CE252F07CA002EF01E /* LaunchScreen.storyboard */; };
		E1D3D2DB252F07CA002EF01E /* GBTrainingAppTests.swift in Sources */ = {isa = PBXBuildFile; fileRef = E1D3D2DA252F07CA002EF01E /* GBTrainingAppTests.swift */; };
		E1D3D2E6252F07CA002EF01E /* GBTrainingAppUITests.swift in Sources */ = {isa = PBXBuildFile; fileRef = E1D3D2E5252F07CA002EF01E /* GBTrainingAppUITests.swift */; };
		E1D3D305252F09EA002EF01E /* VKLoginVC.swift in Sources */ = {isa = PBXBuildFile; fileRef = E1D3D304252F09EA002EF01E /* VKLoginVC.swift */; };
		E1D3D30D252F0A14002EF01E /* GroupsVC.swift in Sources */ = {isa = PBXBuildFile; fileRef = E1D3D309252F0A14002EF01E /* GroupsVC.swift */; };
		E1D3D30E252F0A14002EF01E /* FriendsVC.swift in Sources */ = {isa = PBXBuildFile; fileRef = E1D3D30A252F0A14002EF01E /* FriendsVC.swift */; };
		E1D3D30F252F0A14002EF01E /* TabBarController.swift in Sources */ = {isa = PBXBuildFile; fileRef = E1D3D30B252F0A14002EF01E /* TabBarController.swift */; };
		E1D3D310252F0A14002EF01E /* NewsVC.swift in Sources */ = {isa = PBXBuildFile; fileRef = E1D3D30C252F0A14002EF01E /* NewsVC.swift */; };
		E1D3D317252F0A25002EF01E /* FriendsView.swift in Sources */ = {isa = PBXBuildFile; fileRef = E1D3D315252F0A25002EF01E /* FriendsView.swift */; };
		E1D3D318252F0A25002EF01E /* VKLoginView.swift in Sources */ = {isa = PBXBuildFile; fileRef = E1D3D316252F0A25002EF01E /* VKLoginView.swift */; };
		E1D3D31E252F0A3B002EF01E /* NetworkService.swift in Sources */ = {isa = PBXBuildFile; fileRef = E1D3D31D252F0A3B002EF01E /* NetworkService.swift */; };
		E1D3D325252F0A43002EF01E /* Session.swift in Sources */ = {isa = PBXBuildFile; fileRef = E1D3D323252F0A43002EF01E /* Session.swift */; };
		E1D3D326252F0A43002EF01E /* ErrorMessage.swift in Sources */ = {isa = PBXBuildFile; fileRef = E1D3D324252F0A43002EF01E /* ErrorMessage.swift */; };
		E1D3D32F252F0A4A002EF01E /* FriendCell.swift in Sources */ = {isa = PBXBuildFile; fileRef = E1D3D32C252F0A4A002EF01E /* FriendCell.swift */; };
		E1D3D331252F0A4A002EF01E /* VKAvatarImageView.swift in Sources */ = {isa = PBXBuildFile; fileRef = E1D3D32E252F0A4A002EF01E /* VKAvatarImageView.swift */; };
		E1D3D337252F0A5C002EF01E /* Friend.swift in Sources */ = {isa = PBXBuildFile; fileRef = E1D3D336252F0A5C002EF01E /* Friend.swift */; };
		E1D3D360252F2937002EF01E /* CoreDataService.swift in Sources */ = {isa = PBXBuildFile; fileRef = E1D3D35F252F2937002EF01E /* CoreDataService.swift */; };
		E1D3D371252F398E002EF01E /* CoreDataStack.swift in Sources */ = {isa = PBXBuildFile; fileRef = E1D3D370252F398E002EF01E /* CoreDataStack.swift */; };
		E4A7A24E6374F67CC16AE0A6 /* Pods_GBTrainingApp_GBTrainingAppUITests.framework in Frameworks */ = {isa = PBXBuildFile; fileRef = 484AB9F7950C48F2792DA651 /* Pods_GBTrainingApp_GBTrainingAppUITests.framework */; };
/* End PBXBuildFile section */

/* Begin PBXContainerItemProxy section */
		E1D3D2D7252F07CA002EF01E /* PBXContainerItemProxy */ = {
			isa = PBXContainerItemProxy;
			containerPortal = E1D3D2B5252F07C8002EF01E /* Project object */;
			proxyType = 1;
			remoteGlobalIDString = E1D3D2BC252F07C8002EF01E;
			remoteInfo = GBTrainingApp;
		};
		E1D3D2E2252F07CA002EF01E /* PBXContainerItemProxy */ = {
			isa = PBXContainerItemProxy;
			containerPortal = E1D3D2B5252F07C8002EF01E /* Project object */;
			proxyType = 1;
			remoteGlobalIDString = E1D3D2BC252F07C8002EF01E;
			remoteInfo = GBTrainingApp;
		};
/* End PBXContainerItemProxy section */

/* Begin PBXFileReference section */
		2D22853E2EAA47099E96381B /* Pods-GBTrainingApp-GBTrainingAppUITests.release.xcconfig */ = {isa = PBXFileReference; includeInIndex = 1; lastKnownFileType = text.xcconfig; name = "Pods-GBTrainingApp-GBTrainingAppUITests.release.xcconfig"; path = "Target Support Files/Pods-GBTrainingApp-GBTrainingAppUITests/Pods-GBTrainingApp-GBTrainingAppUITests.release.xcconfig"; sourceTree = "<group>"; };
		2F52FDD5261E3A471105907F /* Pods-GBTrainingApp.debug.xcconfig */ = {isa = PBXFileReference; includeInIndex = 1; lastKnownFileType = text.xcconfig; name = "Pods-GBTrainingApp.debug.xcconfig"; path = "Target Support Files/Pods-GBTrainingApp/Pods-GBTrainingApp.debug.xcconfig"; sourceTree = "<group>"; };
		484AB9F7950C48F2792DA651 /* Pods_GBTrainingApp_GBTrainingAppUITests.framework */ = {isa = PBXFileReference; explicitFileType = wrapper.framework; includeInIndex = 0; path = Pods_GBTrainingApp_GBTrainingAppUITests.framework; sourceTree = BUILT_PRODUCTS_DIR; };
		4862B5DAEDB4232FA999161D /* Pods-GBTrainingAppTests.release.xcconfig */ = {isa = PBXFileReference; includeInIndex = 1; lastKnownFileType = text.xcconfig; name = "Pods-GBTrainingAppTests.release.xcconfig"; path = "Target Support Files/Pods-GBTrainingAppTests/Pods-GBTrainingAppTests.release.xcconfig"; sourceTree = "<group>"; };
		4CF1277F3123925634E9263A /* Pods-GBTrainingApp-GBTrainingAppUITests.debug.xcconfig */ = {isa = PBXFileReference; includeInIndex = 1; lastKnownFileType = text.xcconfig; name = "Pods-GBTrainingApp-GBTrainingAppUITests.debug.xcconfig"; path = "Target Support Files/Pods-GBTrainingApp-GBTrainingAppUITests/Pods-GBTrainingApp-GBTrainingAppUITests.debug.xcconfig"; sourceTree = "<group>"; };
		BB98F46A852E2339CF38369E /* Pods_GBTrainingAppTests.framework */ = {isa = PBXFileReference; explicitFileType = wrapper.framework; includeInIndex = 0; path = Pods_GBTrainingAppTests.framework; sourceTree = BUILT_PRODUCTS_DIR; };
		C22BA167FA6C4A931E90FD2F /* Pods_GBTrainingApp.framework */ = {isa = PBXFileReference; explicitFileType = wrapper.framework; includeInIndex = 0; path = Pods_GBTrainingApp.framework; sourceTree = BUILT_PRODUCTS_DIR; };
		E10B48E52546B0FF008C1D4A /* UIViewController+Ext.swift */ = {isa = PBXFileReference; lastKnownFileType = sourcecode.swift; path = "UIViewController+Ext.swift"; sourceTree = "<group>"; };
		E10C0CFB25303F2300CA0723 /* Group+CoreDataClass.swift */ = {isa = PBXFileReference; lastKnownFileType = sourcecode.swift; path = "Group+CoreDataClass.swift"; sourceTree = SOURCE_ROOT; };
		E10C0CFC25303F2300CA0723 /* Group+CoreDataProperties.swift */ = {isa = PBXFileReference; lastKnownFileType = sourcecode.swift; path = "Group+CoreDataProperties.swift"; sourceTree = SOURCE_ROOT; };
		E158DBC9252F593900BB1774 /* Photo+CoreDataProperties.swift */ = {isa = PBXFileReference; lastKnownFileType = sourcecode.swift; path = "Photo+CoreDataProperties.swift"; sourceTree = SOURCE_ROOT; };
		E158DBCE252F599F00BB1774 /* Photo+CoreDataClass.swift */ = {isa = PBXFileReference; lastKnownFileType = sourcecode.swift; path = "Photo+CoreDataClass.swift"; sourceTree = "<group>"; };
		E160CA512546F03F009EBAEA /* VKSecondaryTitleLabel.swift */ = {isa = PBXFileReference; lastKnownFileType = sourcecode.swift; path = VKSecondaryTitleLabel.swift; sourceTree = "<group>"; };
		E161046D254029D2009B3F9E /* LoginView.swift */ = {isa = PBXFileReference; lastKnownFileType = sourcecode.swift; path = LoginView.swift; sourceTree = "<group>"; };
		E161047B25402F16009B3F9E /* VKTextField.swift */ = {isa = PBXFileReference; lastKnownFileType = sourcecode.swift; path = VKTextField.swift; sourceTree = "<group>"; };
		E161048325405C77009B3F9E /* VKButton.swift */ = {isa = PBXFileReference; lastKnownFileType = sourcecode.swift; path = VKButton.swift; sourceTree = "<group>"; };
		E16104882540682E009B3F9E /* LoginVC.swift */ = {isa = PBXFileReference; lastKnownFileType = sourcecode.swift; path = LoginVC.swift; sourceTree = "<group>"; };
		E161049F2541C202009B3F9E /* VKScrollView.swift */ = {isa = PBXFileReference; lastKnownFileType = sourcecode.swift; path = VKScrollView.swift; sourceTree = "<group>"; };
		E1914FEF253EC20D00EC27E8 /* GoogleService-Info.plist */ = {isa = PBXFileReference; fileEncoding = 4; lastKnownFileType = text.plist.xml; path = "GoogleService-Info.plist"; sourceTree = "<group>"; };
		E1A7C90925303CC4003418B4 /* MyFriend+CoreDataClass.swift */ = {isa = PBXFileReference; lastKnownFileType = sourcecode.swift; path = "MyFriend+CoreDataClass.swift"; sourceTree = "<group>"; };
		E1BFADC0254360FF000F1EB6 /* AlertView.swift */ = {isa = PBXFileReference; lastKnownFileType = sourcecode.swift; path = AlertView.swift; sourceTree = "<group>"; };
		E1BFADC825436231000F1EB6 /* VKTitleLabel.swift */ = {isa = PBXFileReference; lastKnownFileType = sourcecode.swift; path = VKTitleLabel.swift; sourceTree = "<group>"; };
		E1BFADCD2543634B000F1EB6 /* VKBodyLabel.swift */ = {isa = PBXFileReference; lastKnownFileType = sourcecode.swift; path = VKBodyLabel.swift; sourceTree = "<group>"; };
		E1BFADD22543706D000F1EB6 /* AlertVC.swift */ = {isa = PBXFileReference; lastKnownFileType = sourcecode.swift; path = AlertVC.swift; sourceTree = "<group>"; };
		E1C0FBA5253621230009F1EE /* MyFriend+CoreDataProperties.swift */ = {isa = PBXFileReference; lastKnownFileType = sourcecode.swift; path = "MyFriend+CoreDataProperties.swift"; sourceTree = SOURCE_ROOT; };
		E1D3D2BD252F07C8002EF01E /* GBTrainingApp.app */ = {isa = PBXFileReference; explicitFileType = wrapper.application; includeInIndex = 0; path = GBTrainingApp.app; sourceTree = BUILT_PRODUCTS_DIR; };
		E1D3D2C0252F07C8002EF01E /* AppDelegate.swift */ = {isa = PBXFileReference; lastKnownFileType = sourcecode.swift; path = AppDelegate.swift; sourceTree = "<group>"; };
		E1D3D2C2252F07C8002EF01E /* SceneDelegate.swift */ = {isa = PBXFileReference; lastKnownFileType = sourcecode.swift; path = SceneDelegate.swift; sourceTree = "<group>"; };
		E1D3D2CA252F07C8002EF01E /* GBTrainingApp.xcdatamodel */ = {isa = PBXFileReference; lastKnownFileType = wrapper.xcdatamodel; path = GBTrainingApp.xcdatamodel; sourceTree = "<group>"; };
		E1D3D2CC252F07CA002EF01E /* Assets.xcassets */ = {isa = PBXFileReference; lastKnownFileType = folder.assetcatalog; path = Assets.xcassets; sourceTree = "<group>"; };
		E1D3D2CF252F07CA002EF01E /* Base */ = {isa = PBXFileReference; lastKnownFileType = file.storyboard; name = Base; path = Base.lproj/LaunchScreen.storyboard; sourceTree = "<group>"; };
		E1D3D2D1252F07CA002EF01E /* Info.plist */ = {isa = PBXFileReference; lastKnownFileType = text.plist.xml; path = Info.plist; sourceTree = "<group>"; };
		E1D3D2D6252F07CA002EF01E /* GBTrainingAppTests.xctest */ = {isa = PBXFileReference; explicitFileType = wrapper.cfbundle; includeInIndex = 0; path = GBTrainingAppTests.xctest; sourceTree = BUILT_PRODUCTS_DIR; };
		E1D3D2DA252F07CA002EF01E /* GBTrainingAppTests.swift */ = {isa = PBXFileReference; lastKnownFileType = sourcecode.swift; path = GBTrainingAppTests.swift; sourceTree = "<group>"; };
		E1D3D2DC252F07CA002EF01E /* Info.plist */ = {isa = PBXFileReference; lastKnownFileType = text.plist.xml; path = Info.plist; sourceTree = "<group>"; };
		E1D3D2E1252F07CA002EF01E /* GBTrainingAppUITests.xctest */ = {isa = PBXFileReference; explicitFileType = wrapper.cfbundle; includeInIndex = 0; path = GBTrainingAppUITests.xctest; sourceTree = BUILT_PRODUCTS_DIR; };
		E1D3D2E5252F07CA002EF01E /* GBTrainingAppUITests.swift */ = {isa = PBXFileReference; lastKnownFileType = sourcecode.swift; path = GBTrainingAppUITests.swift; sourceTree = "<group>"; };
		E1D3D2E7252F07CA002EF01E /* Info.plist */ = {isa = PBXFileReference; lastKnownFileType = text.plist.xml; path = Info.plist; sourceTree = "<group>"; };
		E1D3D304252F09EA002EF01E /* VKLoginVC.swift */ = {isa = PBXFileReference; fileEncoding = 4; lastKnownFileType = sourcecode.swift; path = VKLoginVC.swift; sourceTree = "<group>"; };
		E1D3D309252F0A14002EF01E /* GroupsVC.swift */ = {isa = PBXFileReference; fileEncoding = 4; lastKnownFileType = sourcecode.swift; path = GroupsVC.swift; sourceTree = "<group>"; };
		E1D3D30A252F0A14002EF01E /* FriendsVC.swift */ = {isa = PBXFileReference; fileEncoding = 4; lastKnownFileType = sourcecode.swift; path = FriendsVC.swift; sourceTree = "<group>"; };
		E1D3D30B252F0A14002EF01E /* TabBarController.swift */ = {isa = PBXFileReference; fileEncoding = 4; lastKnownFileType = sourcecode.swift; path = TabBarController.swift; sourceTree = "<group>"; };
		E1D3D30C252F0A14002EF01E /* NewsVC.swift */ = {isa = PBXFileReference; fileEncoding = 4; lastKnownFileType = sourcecode.swift; path = NewsVC.swift; sourceTree = "<group>"; };
		E1D3D315252F0A25002EF01E /* FriendsView.swift */ = {isa = PBXFileReference; fileEncoding = 4; lastKnownFileType = sourcecode.swift; path = FriendsView.swift; sourceTree = "<group>"; };
		E1D3D316252F0A25002EF01E /* VKLoginView.swift */ = {isa = PBXFileReference; fileEncoding = 4; lastKnownFileType = sourcecode.swift; path = VKLoginView.swift; sourceTree = "<group>"; };
		E1D3D31D252F0A3B002EF01E /* NetworkService.swift */ = {isa = PBXFileReference; fileEncoding = 4; lastKnownFileType = sourcecode.swift; path = NetworkService.swift; sourceTree = "<group>"; };
		E1D3D323252F0A43002EF01E /* Session.swift */ = {isa = PBXFileReference; fileEncoding = 4; lastKnownFileType = sourcecode.swift; path = Session.swift; sourceTree = "<group>"; };
		E1D3D324252F0A43002EF01E /* ErrorMessage.swift */ = {isa = PBXFileReference; fileEncoding = 4; lastKnownFileType = sourcecode.swift; path = ErrorMessage.swift; sourceTree = "<group>"; };
		E1D3D32C252F0A4A002EF01E /* FriendCell.swift */ = {isa = PBXFileReference; fileEncoding = 4; lastKnownFileType = sourcecode.swift; path = FriendCell.swift; sourceTree = "<group>"; };
		E1D3D32E252F0A4A002EF01E /* VKAvatarImageView.swift */ = {isa = PBXFileReference; fileEncoding = 4; lastKnownFileType = sourcecode.swift; path = VKAvatarImageView.swift; sourceTree = "<group>"; };
		E1D3D336252F0A5C002EF01E /* Friend.swift */ = {isa = PBXFileReference; fileEncoding = 4; lastKnownFileType = sourcecode.swift; path = Friend.swift; sourceTree = "<group>"; };
		E1D3D35F252F2937002EF01E /* CoreDataService.swift */ = {isa = PBXFileReference; lastKnownFileType = sourcecode.swift; path = CoreDataService.swift; sourceTree = "<group>"; };
		E1D3D370252F398E002EF01E /* CoreDataStack.swift */ = {isa = PBXFileReference; lastKnownFileType = sourcecode.swift; path = CoreDataStack.swift; sourceTree = "<group>"; };
		EAAC6DB65869B77002646B6C /* Pods-GBTrainingApp.release.xcconfig */ = {isa = PBXFileReference; includeInIndex = 1; lastKnownFileType = text.xcconfig; name = "Pods-GBTrainingApp.release.xcconfig"; path = "Target Support Files/Pods-GBTrainingApp/Pods-GBTrainingApp.release.xcconfig"; sourceTree = "<group>"; };
		F572D70E73DE908400A0CFFD /* Pods-GBTrainingAppTests.debug.xcconfig */ = {isa = PBXFileReference; includeInIndex = 1; lastKnownFileType = text.xcconfig; name = "Pods-GBTrainingAppTests.debug.xcconfig"; path = "Target Support Files/Pods-GBTrainingAppTests/Pods-GBTrainingAppTests.debug.xcconfig"; sourceTree = "<group>"; };
/* End PBXFileReference section */

/* Begin PBXFrameworksBuildPhase section */
		E1D3D2BA252F07C8002EF01E /* Frameworks */ = {
			isa = PBXFrameworksBuildPhase;
			buildActionMask = 2147483647;
			files = (
				0B38C464D103957949F309E4 /* Pods_GBTrainingApp.framework in Frameworks */,
			);
			runOnlyForDeploymentPostprocessing = 0;
		};
		E1D3D2D3252F07CA002EF01E /* Frameworks */ = {
			isa = PBXFrameworksBuildPhase;
			buildActionMask = 2147483647;
			files = (
				66747E7CB68CF91A71279084 /* Pods_GBTrainingAppTests.framework in Frameworks */,
			);
			runOnlyForDeploymentPostprocessing = 0;
		};
		E1D3D2DE252F07CA002EF01E /* Frameworks */ = {
			isa = PBXFrameworksBuildPhase;
			buildActionMask = 2147483647;
			files = (
				E4A7A24E6374F67CC16AE0A6 /* Pods_GBTrainingApp_GBTrainingAppUITests.framework in Frameworks */,
			);
			runOnlyForDeploymentPostprocessing = 0;
		};
/* End PBXFrameworksBuildPhase section */

/* Begin PBXGroup section */
		2EE4AAA720910121A81492A9 /* Frameworks */ = {
			isa = PBXGroup;
			children = (
				C22BA167FA6C4A931E90FD2F /* Pods_GBTrainingApp.framework */,
				484AB9F7950C48F2792DA651 /* Pods_GBTrainingApp_GBTrainingAppUITests.framework */,
				BB98F46A852E2339CF38369E /* Pods_GBTrainingAppTests.framework */,
			);
			name = Frameworks;
			sourceTree = "<group>";
		};
		44CD7CFC92AD2CD33B033AA0 /* Pods */ = {
			isa = PBXGroup;
			children = (
				2F52FDD5261E3A471105907F /* Pods-GBTrainingApp.debug.xcconfig */,
				EAAC6DB65869B77002646B6C /* Pods-GBTrainingApp.release.xcconfig */,
				4CF1277F3123925634E9263A /* Pods-GBTrainingApp-GBTrainingAppUITests.debug.xcconfig */,
				2D22853E2EAA47099E96381B /* Pods-GBTrainingApp-GBTrainingAppUITests.release.xcconfig */,
				F572D70E73DE908400A0CFFD /* Pods-GBTrainingAppTests.debug.xcconfig */,
				4862B5DAEDB4232FA999161D /* Pods-GBTrainingAppTests.release.xcconfig */,
			);
			path = Pods;
			sourceTree = "<group>";
		};
		E10B48E42546B0A9008C1D4A /* Extensions */ = {
			isa = PBXGroup;
			children = (
				E10B48E52546B0FF008C1D4A /* UIViewController+Ext.swift */,
			);
			path = Extensions;
			sourceTree = "<group>";
		};
		E10B48ED2546B9E5008C1D4A /* Login */ = {
			isa = PBXGroup;
			children = (
				E10B48F22546BB50008C1D4A /* Custom Views */,
				E10B48F12546BB3D008C1D4A /* Views */,
				E10B48F32546BB71008C1D4A /* Controllers */,
			);
			path = Login;
			sourceTree = "<group>";
		};
		E10B48F12546BB3D008C1D4A /* Views */ = {
			isa = PBXGroup;
			children = (
				E161046D254029D2009B3F9E /* LoginView.swift */,
				E1D3D316252F0A25002EF01E /* VKLoginView.swift */,
			);
			path = Views;
			sourceTree = "<group>";
		};
		E10B48F22546BB50008C1D4A /* Custom Views */ = {
			isa = PBXGroup;
			children = (
				E161049F2541C202009B3F9E /* VKScrollView.swift */,
			);
			path = "Custom Views";
			sourceTree = "<group>";
		};
		E10B48F32546BB71008C1D4A /* Controllers */ = {
			isa = PBXGroup;
			children = (
				E16104882540682E009B3F9E /* LoginVC.swift */,
				E1D3D304252F09EA002EF01E /* VKLoginVC.swift */,
			);
			path = Controllers;
			sourceTree = "<group>";
		};
		E10B48F72546BCBD008C1D4A /* Friends */ = {
			isa = PBXGroup;
			children = (
				E1D3D314252F0A25002EF01E /* Views */,
				E10B48F82546BCF6008C1D4A /* Custom Views */,
				E10B48F92546BD14008C1D4A /* Controllers */,
				E1D3D32B252F0A4A002EF01E /* Cells */,
				E1D3D335252F0A5C002EF01E /* Models */,
			);
			path = Friends;
			sourceTree = "<group>";
		};
		E10B48F82546BCF6008C1D4A /* Custom Views */ = {
			isa = PBXGroup;
			children = (
				E1D3D32E252F0A4A002EF01E /* VKAvatarImageView.swift */,
			);
			path = "Custom Views";
			sourceTree = "<group>";
		};
		E10B48F92546BD14008C1D4A /* Controllers */ = {
			isa = PBXGroup;
			children = (
				E1D3D30A252F0A14002EF01E /* FriendsVC.swift */,
			);
			path = Controllers;
			sourceTree = "<group>";
		};
		E10B48FA2546BD6F008C1D4A /* Navigation */ = {
			isa = PBXGroup;
			children = (
				E1D3D30B252F0A14002EF01E /* TabBarController.swift */,
			);
			path = Navigation;
			sourceTree = "<group>";
		};
		E10B48FE2546BE09008C1D4A /* Alert */ = {
			isa = PBXGroup;
			children = (
				E1BFADC0254360FF000F1EB6 /* AlertView.swift */,
				E1BFADD22543706D000F1EB6 /* AlertVC.swift */,
			);
			path = Alert;
			sourceTree = "<group>";
		};
		E1D3D2B4252F07C8002EF01E = {
			isa = PBXGroup;
			children = (
				E1D3D2BF252F07C8002EF01E /* GBTrainingApp */,
				E1D3D2D9252F07CA002EF01E /* GBTrainingAppTests */,
				E1D3D2E4252F07CA002EF01E /* GBTrainingAppUITests */,
				E1D3D2BE252F07C8002EF01E /* Products */,
				44CD7CFC92AD2CD33B033AA0 /* Pods */,
				2EE4AAA720910121A81492A9 /* Frameworks */,
			);
			sourceTree = "<group>";
		};
		E1D3D2BE252F07C8002EF01E /* Products */ = {
			isa = PBXGroup;
			children = (
				E1D3D2BD252F07C8002EF01E /* GBTrainingApp.app */,
				E1D3D2D6252F07CA002EF01E /* GBTrainingAppTests.xctest */,
				E1D3D2E1252F07CA002EF01E /* GBTrainingAppUITests.xctest */,
			);
			name = Products;
			sourceTree = "<group>";
		};
		E1D3D2BF252F07C8002EF01E /* GBTrainingApp */ = {
			isa = PBXGroup;
			children = (
				E10B48FE2546BE09008C1D4A /* Alert */,
				E10B48FA2546BD6F008C1D4A /* Navigation */,
				E10B48F72546BCBD008C1D4A /* Friends */,
				E10B48E42546B0A9008C1D4A /* Extensions */,
				E10B48ED2546B9E5008C1D4A /* Login */,
				E1D3D341252F24CC002EF01E /* BD */,
				E1D3D32A252F0A4A002EF01E /* Custom Views */,
				E1D3D322252F0A43002EF01E /* Utilities */,
				E1D3D31C252F0A3B002EF01E /* Services */,
				E1D3D303252F096F002EF01E /* Controllers */,
				E1D3D2FC252F0939002EF01E /* Support */,
			);
			path = GBTrainingApp;
			sourceTree = "<group>";
		};
		E1D3D2D9252F07CA002EF01E /* GBTrainingAppTests */ = {
			isa = PBXGroup;
			children = (
				E1D3D2DA252F07CA002EF01E /* GBTrainingAppTests.swift */,
				E1D3D2DC252F07CA002EF01E /* Info.plist */,
			);
			path = GBTrainingAppTests;
			sourceTree = "<group>";
		};
		E1D3D2E4252F07CA002EF01E /* GBTrainingAppUITests */ = {
			isa = PBXGroup;
			children = (
				E1D3D2E5252F07CA002EF01E /* GBTrainingAppUITests.swift */,
				E1D3D2E7252F07CA002EF01E /* Info.plist */,
			);
			path = GBTrainingAppUITests;
			sourceTree = "<group>";
		};
		E1D3D2FC252F0939002EF01E /* Support */ = {
			isa = PBXGroup;
			children = (
				E1914FEF253EC20D00EC27E8 /* GoogleService-Info.plist */,
				E1D3D2C0252F07C8002EF01E /* AppDelegate.swift */,
				E1D3D2C2252F07C8002EF01E /* SceneDelegate.swift */,
				E1D3D2CE252F07CA002EF01E /* LaunchScreen.storyboard */,
				E1D3D2D1252F07CA002EF01E /* Info.plist */,
				E1D3D2CC252F07CA002EF01E /* Assets.xcassets */,
			);
			path = Support;
			sourceTree = "<group>";
		};
		E1D3D303252F096F002EF01E /* Controllers */ = {
			isa = PBXGroup;
			children = (
				E1D3D309252F0A14002EF01E /* GroupsVC.swift */,
				E1D3D30C252F0A14002EF01E /* NewsVC.swift */,
			);
			path = Controllers;
			sourceTree = "<group>";
		};
		E1D3D314252F0A25002EF01E /* Views */ = {
			isa = PBXGroup;
			children = (
				E1D3D315252F0A25002EF01E /* FriendsView.swift */,
			);
			path = Views;
			sourceTree = "<group>";
		};
		E1D3D31C252F0A3B002EF01E /* Services */ = {
			isa = PBXGroup;
			children = (
				E1D3D31D252F0A3B002EF01E /* NetworkService.swift */,
				E1D3D35F252F2937002EF01E /* CoreDataService.swift */,
			);
			path = Services;
			sourceTree = "<group>";
		};
		E1D3D322252F0A43002EF01E /* Utilities */ = {
			isa = PBXGroup;
			children = (
				E1D3D323252F0A43002EF01E /* Session.swift */,
				E1D3D324252F0A43002EF01E /* ErrorMessage.swift */,
				E1D3D370252F398E002EF01E /* CoreDataStack.swift */,
			);
			path = Utilities;
			sourceTree = "<group>";
		};
		E1D3D32A252F0A4A002EF01E /* Custom Views */ = {
			isa = PBXGroup;
			children = (
				E161047B25402F16009B3F9E /* VKTextField.swift */,
				E161048325405C77009B3F9E /* VKButton.swift */,
				E1BFADC825436231000F1EB6 /* VKTitleLabel.swift */,
				E1BFADCD2543634B000F1EB6 /* VKBodyLabel.swift */,
				E160CA512546F03F009EBAEA /* VKSecondaryTitleLabel.swift */,
			);
			path = "Custom Views";
			sourceTree = "<group>";
		};
		E1D3D32B252F0A4A002EF01E /* Cells */ = {
			isa = PBXGroup;
			children = (
				E1D3D32C252F0A4A002EF01E /* FriendCell.swift */,
			);
			path = Cells;
			sourceTree = "<group>";
		};
		E1D3D335252F0A5C002EF01E /* Models */ = {
			isa = PBXGroup;
			children = (
				E1D3D336252F0A5C002EF01E /* Friend.swift */,
			);
			path = Models;
			sourceTree = "<group>";
		};
		E1D3D341252F24CC002EF01E /* BD */ = {
			isa = PBXGroup;
			children = (
				E1C0FBA5253621230009F1EE /* MyFriend+CoreDataProperties.swift */,
				E1A7C90925303CC4003418B4 /* MyFriend+CoreDataClass.swift */,
				E10C0CFB25303F2300CA0723 /* Group+CoreDataClass.swift */,
				E10C0CFC25303F2300CA0723 /* Group+CoreDataProperties.swift */,
				E158DBCE252F599F00BB1774 /* Photo+CoreDataClass.swift */,
				E158DBC9252F593900BB1774 /* Photo+CoreDataProperties.swift */,
				E1D3D2C9252F07C8002EF01E /* GBTrainingApp.xcdatamodeld */,
			);
			path = BD;
			sourceTree = "<group>";
		};
/* End PBXGroup section */

/* Begin PBXNativeTarget section */
		E1D3D2BC252F07C8002EF01E /* GBTrainingApp */ = {
			isa = PBXNativeTarget;
			buildConfigurationList = E1D3D2EA252F07CA002EF01E /* Build configuration list for PBXNativeTarget "GBTrainingApp" */;
			buildPhases = (
				E26311AEBDBC844EA4683D49 /* [CP] Check Pods Manifest.lock */,
				E1D3D2B9252F07C8002EF01E /* Sources */,
				E1D3D2BA252F07C8002EF01E /* Frameworks */,
				E1D3D2BB252F07C8002EF01E /* Resources */,
				3BECD57A123CA570D2617304 /* [CP] Embed Pods Frameworks */,
			);
			buildRules = (
			);
			dependencies = (
			);
			name = GBTrainingApp;
			productName = GBTrainingApp;
			productReference = E1D3D2BD252F07C8002EF01E /* GBTrainingApp.app */;
			productType = "com.apple.product-type.application";
		};
		E1D3D2D5252F07CA002EF01E /* GBTrainingAppTests */ = {
			isa = PBXNativeTarget;
			buildConfigurationList = E1D3D2ED252F07CA002EF01E /* Build configuration list for PBXNativeTarget "GBTrainingAppTests" */;
			buildPhases = (
				EEF67E7D83169C15778B4F59 /* [CP] Check Pods Manifest.lock */,
				E1D3D2D2252F07CA002EF01E /* Sources */,
				E1D3D2D3252F07CA002EF01E /* Frameworks */,
				E1D3D2D4252F07CA002EF01E /* Resources */,
			);
			buildRules = (
			);
			dependencies = (
				E1D3D2D8252F07CA002EF01E /* PBXTargetDependency */,
			);
			name = GBTrainingAppTests;
			productName = GBTrainingAppTests;
			productReference = E1D3D2D6252F07CA002EF01E /* GBTrainingAppTests.xctest */;
			productType = "com.apple.product-type.bundle.unit-test";
		};
		E1D3D2E0252F07CA002EF01E /* GBTrainingAppUITests */ = {
			isa = PBXNativeTarget;
			buildConfigurationList = E1D3D2F0252F07CA002EF01E /* Build configuration list for PBXNativeTarget "GBTrainingAppUITests" */;
			buildPhases = (
				D308E234445F0031BEB64446 /* [CP] Check Pods Manifest.lock */,
				E1D3D2DD252F07CA002EF01E /* Sources */,
				E1D3D2DE252F07CA002EF01E /* Frameworks */,
				E1D3D2DF252F07CA002EF01E /* Resources */,
				31EBF86B400BFBB853E4282C /* [CP] Embed Pods Frameworks */,
			);
			buildRules = (
			);
			dependencies = (
				E1D3D2E3252F07CA002EF01E /* PBXTargetDependency */,
			);
			name = GBTrainingAppUITests;
			productName = GBTrainingAppUITests;
			productReference = E1D3D2E1252F07CA002EF01E /* GBTrainingAppUITests.xctest */;
			productType = "com.apple.product-type.bundle.ui-testing";
		};
/* End PBXNativeTarget section */

/* Begin PBXProject section */
		E1D3D2B5252F07C8002EF01E /* Project object */ = {
			isa = PBXProject;
			attributes = {
				LastSwiftUpdateCheck = 1200;
				LastUpgradeCheck = 1200;
				TargetAttributes = {
					E1D3D2BC252F07C8002EF01E = {
						CreatedOnToolsVersion = 12.0.1;
					};
					E1D3D2D5252F07CA002EF01E = {
						CreatedOnToolsVersion = 12.0.1;
						TestTargetID = E1D3D2BC252F07C8002EF01E;
					};
					E1D3D2E0252F07CA002EF01E = {
						CreatedOnToolsVersion = 12.0.1;
						TestTargetID = E1D3D2BC252F07C8002EF01E;
					};
				};
			};
			buildConfigurationList = E1D3D2B8252F07C8002EF01E /* Build configuration list for PBXProject "GBTrainingApp" */;
			compatibilityVersion = "Xcode 9.3";
			developmentRegion = en;
			hasScannedForEncodings = 0;
			knownRegions = (
				en,
				Base,
			);
			mainGroup = E1D3D2B4252F07C8002EF01E;
			productRefGroup = E1D3D2BE252F07C8002EF01E /* Products */;
			projectDirPath = "";
			projectRoot = "";
			targets = (
				E1D3D2BC252F07C8002EF01E /* GBTrainingApp */,
				E1D3D2D5252F07CA002EF01E /* GBTrainingAppTests */,
				E1D3D2E0252F07CA002EF01E /* GBTrainingAppUITests */,
			);
		};
/* End PBXProject section */

/* Begin PBXResourcesBuildPhase section */
		E1D3D2BB252F07C8002EF01E /* Resources */ = {
			isa = PBXResourcesBuildPhase;
			buildActionMask = 2147483647;
			files = (
				E1D3D2D0252F07CA002EF01E /* LaunchScreen.storyboard in Resources */,
				E1D3D2CD252F07CA002EF01E /* Assets.xcassets in Resources */,
				E1914FF0253EC20D00EC27E8 /* GoogleService-Info.plist in Resources */,
			);
			runOnlyForDeploymentPostprocessing = 0;
		};
		E1D3D2D4252F07CA002EF01E /* Resources */ = {
			isa = PBXResourcesBuildPhase;
			buildActionMask = 2147483647;
			files = (
			);
			runOnlyForDeploymentPostprocessing = 0;
		};
		E1D3D2DF252F07CA002EF01E /* Resources */ = {
			isa = PBXResourcesBuildPhase;
			buildActionMask = 2147483647;
			files = (
			);
			runOnlyForDeploymentPostprocessing = 0;
		};
/* End PBXResourcesBuildPhase section */

/* Begin PBXShellScriptBuildPhase section */
		31EBF86B400BFBB853E4282C /* [CP] Embed Pods Frameworks */ = {
			isa = PBXShellScriptBuildPhase;
			buildActionMask = 2147483647;
			files = (
			);
			inputFileListPaths = (
				"${PODS_ROOT}/Target Support Files/Pods-GBTrainingApp-GBTrainingAppUITests/Pods-GBTrainingApp-GBTrainingAppUITests-frameworks-${CONFIGURATION}-input-files.xcfilelist",
			);
			name = "[CP] Embed Pods Frameworks";
			outputFileListPaths = (
				"${PODS_ROOT}/Target Support Files/Pods-GBTrainingApp-GBTrainingAppUITests/Pods-GBTrainingApp-GBTrainingAppUITests-frameworks-${CONFIGURATION}-output-files.xcfilelist",
			);
			runOnlyForDeploymentPostprocessing = 0;
			shellPath = /bin/sh;
			shellScript = "\"${PODS_ROOT}/Target Support Files/Pods-GBTrainingApp-GBTrainingAppUITests/Pods-GBTrainingApp-GBTrainingAppUITests-frameworks.sh\"\n";
			showEnvVarsInLog = 0;
		};
		3BECD57A123CA570D2617304 /* [CP] Embed Pods Frameworks */ = {
			isa = PBXShellScriptBuildPhase;
			buildActionMask = 2147483647;
			files = (
			);
			inputFileListPaths = (
				"${PODS_ROOT}/Target Support Files/Pods-GBTrainingApp/Pods-GBTrainingApp-frameworks-${CONFIGURATION}-input-files.xcfilelist",
			);
			name = "[CP] Embed Pods Frameworks";
			outputFileListPaths = (
				"${PODS_ROOT}/Target Support Files/Pods-GBTrainingApp/Pods-GBTrainingApp-frameworks-${CONFIGURATION}-output-files.xcfilelist",
			);
			runOnlyForDeploymentPostprocessing = 0;
			shellPath = /bin/sh;
			shellScript = "\"${PODS_ROOT}/Target Support Files/Pods-GBTrainingApp/Pods-GBTrainingApp-frameworks.sh\"\n";
			showEnvVarsInLog = 0;
		};
		D308E234445F0031BEB64446 /* [CP] Check Pods Manifest.lock */ = {
			isa = PBXShellScriptBuildPhase;
			buildActionMask = 2147483647;
			files = (
			);
			inputFileListPaths = (
			);
			inputPaths = (
				"${PODS_PODFILE_DIR_PATH}/Podfile.lock",
				"${PODS_ROOT}/Manifest.lock",
			);
			name = "[CP] Check Pods Manifest.lock";
			outputFileListPaths = (
			);
			outputPaths = (
				"$(DERIVED_FILE_DIR)/Pods-GBTrainingApp-GBTrainingAppUITests-checkManifestLockResult.txt",
			);
			runOnlyForDeploymentPostprocessing = 0;
			shellPath = /bin/sh;
			shellScript = "diff \"${PODS_PODFILE_DIR_PATH}/Podfile.lock\" \"${PODS_ROOT}/Manifest.lock\" > /dev/null\nif [ $? != 0 ] ; then\n    # print error to STDERR\n    echo \"error: The sandbox is not in sync with the Podfile.lock. Run 'pod install' or update your CocoaPods installation.\" >&2\n    exit 1\nfi\n# This output is used by Xcode 'outputs' to avoid re-running this script phase.\necho \"SUCCESS\" > \"${SCRIPT_OUTPUT_FILE_0}\"\n";
			showEnvVarsInLog = 0;
		};
		E26311AEBDBC844EA4683D49 /* [CP] Check Pods Manifest.lock */ = {
			isa = PBXShellScriptBuildPhase;
			buildActionMask = 2147483647;
			files = (
			);
			inputFileListPaths = (
			);
			inputPaths = (
				"${PODS_PODFILE_DIR_PATH}/Podfile.lock",
				"${PODS_ROOT}/Manifest.lock",
			);
			name = "[CP] Check Pods Manifest.lock";
			outputFileListPaths = (
			);
			outputPaths = (
				"$(DERIVED_FILE_DIR)/Pods-GBTrainingApp-checkManifestLockResult.txt",
			);
			runOnlyForDeploymentPostprocessing = 0;
			shellPath = /bin/sh;
			shellScript = "diff \"${PODS_PODFILE_DIR_PATH}/Podfile.lock\" \"${PODS_ROOT}/Manifest.lock\" > /dev/null\nif [ $? != 0 ] ; then\n    # print error to STDERR\n    echo \"error: The sandbox is not in sync with the Podfile.lock. Run 'pod install' or update your CocoaPods installation.\" >&2\n    exit 1\nfi\n# This output is used by Xcode 'outputs' to avoid re-running this script phase.\necho \"SUCCESS\" > \"${SCRIPT_OUTPUT_FILE_0}\"\n";
			showEnvVarsInLog = 0;
		};
		EEF67E7D83169C15778B4F59 /* [CP] Check Pods Manifest.lock */ = {
			isa = PBXShellScriptBuildPhase;
			buildActionMask = 2147483647;
			files = (
			);
			inputFileListPaths = (
			);
			inputPaths = (
				"${PODS_PODFILE_DIR_PATH}/Podfile.lock",
				"${PODS_ROOT}/Manifest.lock",
			);
			name = "[CP] Check Pods Manifest.lock";
			outputFileListPaths = (
			);
			outputPaths = (
				"$(DERIVED_FILE_DIR)/Pods-GBTrainingAppTests-checkManifestLockResult.txt",
			);
			runOnlyForDeploymentPostprocessing = 0;
			shellPath = /bin/sh;
			shellScript = "diff \"${PODS_PODFILE_DIR_PATH}/Podfile.lock\" \"${PODS_ROOT}/Manifest.lock\" > /dev/null\nif [ $? != 0 ] ; then\n    # print error to STDERR\n    echo \"error: The sandbox is not in sync with the Podfile.lock. Run 'pod install' or update your CocoaPods installation.\" >&2\n    exit 1\nfi\n# This output is used by Xcode 'outputs' to avoid re-running this script phase.\necho \"SUCCESS\" > \"${SCRIPT_OUTPUT_FILE_0}\"\n";
			showEnvVarsInLog = 0;
		};
/* End PBXShellScriptBuildPhase section */

/* Begin PBXSourcesBuildPhase section */
		E1D3D2B9252F07C8002EF01E /* Sources */ = {
			isa = PBXSourcesBuildPhase;
			buildActionMask = 2147483647;
			files = (
				E1BFADC1254360FF000F1EB6 /* AlertView.swift in Sources */,
				E1D3D371252F398E002EF01E /* CoreDataStack.swift in Sources */,
				E10B48E62546B0FF008C1D4A /* UIViewController+Ext.swift in Sources */,
				E10C0CFE25303F2300CA0723 /* Group+CoreDataProperties.swift in Sources */,
				E1D3D2CB252F07C8002EF01E /* GBTrainingApp.xcdatamodeld in Sources */,
				E1A7C90A25303CC4003418B4 /* MyFriend+CoreDataClass.swift in Sources */,
				E1D3D318252F0A25002EF01E /* VKLoginView.swift in Sources */,
				E16104A02541C202009B3F9E /* VKScrollView.swift in Sources */,
				E1BFADC925436231000F1EB6 /* VKTitleLabel.swift in Sources */,
				E1D3D2C1252F07C8002EF01E /* AppDelegate.swift in Sources */,
				E1D3D30E252F0A14002EF01E /* FriendsVC.swift in Sources */,
				E158DBCF252F599F00BB1774 /* Photo+CoreDataClass.swift in Sources */,
				E1D3D31E252F0A3B002EF01E /* NetworkService.swift in Sources */,
				E1D3D360252F2937002EF01E /* CoreDataService.swift in Sources */,
				E158DBCA252F593900BB1774 /* Photo+CoreDataProperties.swift in Sources */,
				E10C0CFD25303F2300CA0723 /* Group+CoreDataClass.swift in Sources */,
				E1D3D317252F0A25002EF01E /* FriendsView.swift in Sources */,
				E16104892540682E009B3F9E /* LoginVC.swift in Sources */,
				E1D3D326252F0A43002EF01E /* ErrorMessage.swift in Sources */,
				E1BFADD32543706D000F1EB6 /* AlertVC.swift in Sources */,
				E1D3D32F252F0A4A002EF01E /* FriendCell.swift in Sources */,
				E1D3D2C3252F07C8002EF01E /* SceneDelegate.swift in Sources */,
				E1D3D30F252F0A14002EF01E /* TabBarController.swift in Sources */,
				E1C0FBA6253621230009F1EE /* MyFriend+CoreDataProperties.swift in Sources */,
				E161048425405C77009B3F9E /* VKButton.swift in Sources */,
				E160CA522546F03F009EBAEA /* VKSecondaryTitleLabel.swift in Sources */,
				E1D3D325252F0A43002EF01E /* Session.swift in Sources */,
				E1D3D310252F0A14002EF01E /* NewsVC.swift in Sources */,
				E1D3D331252F0A4A002EF01E /* VKAvatarImageView.swift in Sources */,
				E1D3D337252F0A5C002EF01E /* Friend.swift in Sources */,
				E1BFADCE2543634B000F1EB6 /* VKBodyLabel.swift in Sources */,
				E161046E254029D2009B3F9E /* LoginView.swift in Sources */,
				E1D3D305252F09EA002EF01E /* VKLoginVC.swift in Sources */,
				E161047C25402F16009B3F9E /* VKTextField.swift in Sources */,
				E1D3D30D252F0A14002EF01E /* GroupsVC.swift in Sources */,
			);
			runOnlyForDeploymentPostprocessing = 0;
		};
		E1D3D2D2252F07CA002EF01E /* Sources */ = {
			isa = PBXSourcesBuildPhase;
			buildActionMask = 2147483647;
			files = (
				E1D3D2DB252F07CA002EF01E /* GBTrainingAppTests.swift in Sources */,
			);
			runOnlyForDeploymentPostprocessing = 0;
		};
		E1D3D2DD252F07CA002EF01E /* Sources */ = {
			isa = PBXSourcesBuildPhase;
			buildActionMask = 2147483647;
			files = (
				E1D3D2E6252F07CA002EF01E /* GBTrainingAppUITests.swift in Sources */,
			);
			runOnlyForDeploymentPostprocessing = 0;
		};
/* End PBXSourcesBuildPhase section */

/* Begin PBXTargetDependency section */
		E1D3D2D8252F07CA002EF01E /* PBXTargetDependency */ = {
			isa = PBXTargetDependency;
			target = E1D3D2BC252F07C8002EF01E /* GBTrainingApp */;
			targetProxy = E1D3D2D7252F07CA002EF01E /* PBXContainerItemProxy */;
		};
		E1D3D2E3252F07CA002EF01E /* PBXTargetDependency */ = {
			isa = PBXTargetDependency;
			target = E1D3D2BC252F07C8002EF01E /* GBTrainingApp */;
			targetProxy = E1D3D2E2252F07CA002EF01E /* PBXContainerItemProxy */;
		};
/* End PBXTargetDependency section */

/* Begin PBXVariantGroup section */
		E1D3D2CE252F07CA002EF01E /* LaunchScreen.storyboard */ = {
			isa = PBXVariantGroup;
			children = (
				E1D3D2CF252F07CA002EF01E /* Base */,
			);
			name = LaunchScreen.storyboard;
			sourceTree = "<group>";
		};
/* End PBXVariantGroup section */

/* Begin XCBuildConfiguration section */
		E1D3D2E8252F07CA002EF01E /* Debug */ = {
			isa = XCBuildConfiguration;
			buildSettings = {
				ALWAYS_SEARCH_USER_PATHS = NO;
				CLANG_ANALYZER_NONNULL = YES;
				CLANG_ANALYZER_NUMBER_OBJECT_CONVERSION = YES_AGGRESSIVE;
				CLANG_CXX_LANGUAGE_STANDARD = "gnu++14";
				CLANG_CXX_LIBRARY = "libc++";
				CLANG_ENABLE_MODULES = YES;
				CLANG_ENABLE_OBJC_ARC = YES;
				CLANG_ENABLE_OBJC_WEAK = YES;
				CLANG_WARN_BLOCK_CAPTURE_AUTORELEASING = YES;
				CLANG_WARN_BOOL_CONVERSION = YES;
				CLANG_WARN_COMMA = YES;
				CLANG_WARN_CONSTANT_CONVERSION = YES;
				CLANG_WARN_DEPRECATED_OBJC_IMPLEMENTATIONS = YES;
				CLANG_WARN_DIRECT_OBJC_ISA_USAGE = YES_ERROR;
				CLANG_WARN_DOCUMENTATION_COMMENTS = YES;
				CLANG_WARN_EMPTY_BODY = YES;
				CLANG_WARN_ENUM_CONVERSION = YES;
				CLANG_WARN_INFINITE_RECURSION = YES;
				CLANG_WARN_INT_CONVERSION = YES;
				CLANG_WARN_NON_LITERAL_NULL_CONVERSION = YES;
				CLANG_WARN_OBJC_IMPLICIT_RETAIN_SELF = YES;
				CLANG_WARN_OBJC_LITERAL_CONVERSION = YES;
				CLANG_WARN_OBJC_ROOT_CLASS = YES_ERROR;
				CLANG_WARN_QUOTED_INCLUDE_IN_FRAMEWORK_HEADER = YES;
				CLANG_WARN_RANGE_LOOP_ANALYSIS = YES;
				CLANG_WARN_STRICT_PROTOTYPES = YES;
				CLANG_WARN_SUSPICIOUS_MOVE = YES;
				CLANG_WARN_UNGUARDED_AVAILABILITY = YES_AGGRESSIVE;
				CLANG_WARN_UNREACHABLE_CODE = YES;
				CLANG_WARN__DUPLICATE_METHOD_MATCH = YES;
				COPY_PHASE_STRIP = NO;
				DEBUG_INFORMATION_FORMAT = dwarf;
				ENABLE_STRICT_OBJC_MSGSEND = YES;
				ENABLE_TESTABILITY = YES;
				GCC_C_LANGUAGE_STANDARD = gnu11;
				GCC_DYNAMIC_NO_PIC = NO;
				GCC_NO_COMMON_BLOCKS = YES;
				GCC_OPTIMIZATION_LEVEL = 0;
				GCC_PREPROCESSOR_DEFINITIONS = (
					"DEBUG=1",
					"$(inherited)",
				);
				GCC_WARN_64_TO_32_BIT_CONVERSION = YES;
				GCC_WARN_ABOUT_RETURN_TYPE = YES_ERROR;
				GCC_WARN_UNDECLARED_SELECTOR = YES;
				GCC_WARN_UNINITIALIZED_AUTOS = YES_AGGRESSIVE;
				GCC_WARN_UNUSED_FUNCTION = YES;
				GCC_WARN_UNUSED_VARIABLE = YES;
				IPHONEOS_DEPLOYMENT_TARGET = 14.0;
				MTL_ENABLE_DEBUG_INFO = INCLUDE_SOURCE;
				MTL_FAST_MATH = YES;
				ONLY_ACTIVE_ARCH = YES;
				SDKROOT = iphoneos;
				SWIFT_ACTIVE_COMPILATION_CONDITIONS = DEBUG;
				SWIFT_OPTIMIZATION_LEVEL = "-Onone";
			};
			name = Debug;
		};
		E1D3D2E9252F07CA002EF01E /* Release */ = {
			isa = XCBuildConfiguration;
			buildSettings = {
				ALWAYS_SEARCH_USER_PATHS = NO;
				CLANG_ANALYZER_NONNULL = YES;
				CLANG_ANALYZER_NUMBER_OBJECT_CONVERSION = YES_AGGRESSIVE;
				CLANG_CXX_LANGUAGE_STANDARD = "gnu++14";
				CLANG_CXX_LIBRARY = "libc++";
				CLANG_ENABLE_MODULES = YES;
				CLANG_ENABLE_OBJC_ARC = YES;
				CLANG_ENABLE_OBJC_WEAK = YES;
				CLANG_WARN_BLOCK_CAPTURE_AUTORELEASING = YES;
				CLANG_WARN_BOOL_CONVERSION = YES;
				CLANG_WARN_COMMA = YES;
				CLANG_WARN_CONSTANT_CONVERSION = YES;
				CLANG_WARN_DEPRECATED_OBJC_IMPLEMENTATIONS = YES;
				CLANG_WARN_DIRECT_OBJC_ISA_USAGE = YES_ERROR;
				CLANG_WARN_DOCUMENTATION_COMMENTS = YES;
				CLANG_WARN_EMPTY_BODY = YES;
				CLANG_WARN_ENUM_CONVERSION = YES;
				CLANG_WARN_INFINITE_RECURSION = YES;
				CLANG_WARN_INT_CONVERSION = YES;
				CLANG_WARN_NON_LITERAL_NULL_CONVERSION = YES;
				CLANG_WARN_OBJC_IMPLICIT_RETAIN_SELF = YES;
				CLANG_WARN_OBJC_LITERAL_CONVERSION = YES;
				CLANG_WARN_OBJC_ROOT_CLASS = YES_ERROR;
				CLANG_WARN_QUOTED_INCLUDE_IN_FRAMEWORK_HEADER = YES;
				CLANG_WARN_RANGE_LOOP_ANALYSIS = YES;
				CLANG_WARN_STRICT_PROTOTYPES = YES;
				CLANG_WARN_SUSPICIOUS_MOVE = YES;
				CLANG_WARN_UNGUARDED_AVAILABILITY = YES_AGGRESSIVE;
				CLANG_WARN_UNREACHABLE_CODE = YES;
				CLANG_WARN__DUPLICATE_METHOD_MATCH = YES;
				COPY_PHASE_STRIP = NO;
				DEBUG_INFORMATION_FORMAT = "dwarf-with-dsym";
				ENABLE_NS_ASSERTIONS = NO;
				ENABLE_STRICT_OBJC_MSGSEND = YES;
				GCC_C_LANGUAGE_STANDARD = gnu11;
				GCC_NO_COMMON_BLOCKS = YES;
				GCC_WARN_64_TO_32_BIT_CONVERSION = YES;
				GCC_WARN_ABOUT_RETURN_TYPE = YES_ERROR;
				GCC_WARN_UNDECLARED_SELECTOR = YES;
				GCC_WARN_UNINITIALIZED_AUTOS = YES_AGGRESSIVE;
				GCC_WARN_UNUSED_FUNCTION = YES;
				GCC_WARN_UNUSED_VARIABLE = YES;
				IPHONEOS_DEPLOYMENT_TARGET = 14.0;
				MTL_ENABLE_DEBUG_INFO = NO;
				MTL_FAST_MATH = YES;
				SDKROOT = iphoneos;
				SWIFT_COMPILATION_MODE = wholemodule;
				SWIFT_OPTIMIZATION_LEVEL = "-O";
				VALIDATE_PRODUCT = YES;
			};
			name = Release;
		};
		E1D3D2EB252F07CA002EF01E /* Debug */ = {
			isa = XCBuildConfiguration;
			baseConfigurationReference = 2F52FDD5261E3A471105907F /* Pods-GBTrainingApp.debug.xcconfig */;
			buildSettings = {
				ASSETCATALOG_COMPILER_APPICON_NAME = AppIcon;
				ASSETCATALOG_COMPILER_GLOBAL_ACCENT_COLOR_NAME = AccentColor;
				CODE_SIGN_STYLE = Automatic;
				DEVELOPMENT_TEAM = 7U5XZ95AHH;
				INFOPLIST_FILE = GBTrainingApp/Support/Info.plist;
				LD_RUNPATH_SEARCH_PATHS = (
					"$(inherited)",
					"@executable_path/Frameworks",
				);
				PRODUCT_BUNDLE_IDENTIFIER = com.vitalyprosvetov.GBTrainingApp;
				PRODUCT_NAME = "$(TARGET_NAME)";
				SWIFT_VERSION = 5.0;
				TARGETED_DEVICE_FAMILY = "1,2";
			};
			name = Debug;
		};
		E1D3D2EC252F07CA002EF01E /* Release */ = {
			isa = XCBuildConfiguration;
			baseConfigurationReference = EAAC6DB65869B77002646B6C /* Pods-GBTrainingApp.release.xcconfig */;
			buildSettings = {
				ASSETCATALOG_COMPILER_APPICON_NAME = AppIcon;
				ASSETCATALOG_COMPILER_GLOBAL_ACCENT_COLOR_NAME = AccentColor;
				CODE_SIGN_STYLE = Automatic;
				DEVELOPMENT_TEAM = 7U5XZ95AHH;
				INFOPLIST_FILE = GBTrainingApp/Support/Info.plist;
				LD_RUNPATH_SEARCH_PATHS = (
					"$(inherited)",
					"@executable_path/Frameworks",
				);
				PRODUCT_BUNDLE_IDENTIFIER = com.vitalyprosvetov.GBTrainingApp;
				PRODUCT_NAME = "$(TARGET_NAME)";
				SWIFT_VERSION = 5.0;
				TARGETED_DEVICE_FAMILY = "1,2";
			};
			name = Release;
		};
		E1D3D2EE252F07CA002EF01E /* Debug */ = {
			isa = XCBuildConfiguration;
			baseConfigurationReference = F572D70E73DE908400A0CFFD /* Pods-GBTrainingAppTests.debug.xcconfig */;
			buildSettings = {
				ALWAYS_EMBED_SWIFT_STANDARD_LIBRARIES = YES;
				BUNDLE_LOADER = "$(TEST_HOST)";
				CODE_SIGN_STYLE = Automatic;
				DEVELOPMENT_TEAM = 7U5XZ95AHH;
				INFOPLIST_FILE = GBTrainingAppTests/Info.plist;
				IPHONEOS_DEPLOYMENT_TARGET = 14.0;
				LD_RUNPATH_SEARCH_PATHS = (
					"$(inherited)",
					"@executable_path/Frameworks",
					"@loader_path/Frameworks",
				);
				PRODUCT_BUNDLE_IDENTIFIER = com.vitalyprosvetov.GBTrainingAppTests;
				PRODUCT_NAME = "$(TARGET_NAME)";
				SWIFT_VERSION = 5.0;
				TARGETED_DEVICE_FAMILY = "1,2";
				TEST_HOST = "$(BUILT_PRODUCTS_DIR)/GBTrainingApp.app/GBTrainingApp";
			};
			name = Debug;
		};
		E1D3D2EF252F07CA002EF01E /* Release */ = {
			isa = XCBuildConfiguration;
			baseConfigurationReference = 4862B5DAEDB4232FA999161D /* Pods-GBTrainingAppTests.release.xcconfig */;
			buildSettings = {
				ALWAYS_EMBED_SWIFT_STANDARD_LIBRARIES = YES;
				BUNDLE_LOADER = "$(TEST_HOST)";
				CODE_SIGN_STYLE = Automatic;
				DEVELOPMENT_TEAM = 7U5XZ95AHH;
				INFOPLIST_FILE = GBTrainingAppTests/Info.plist;
				IPHONEOS_DEPLOYMENT_TARGET = 14.0;
				LD_RUNPATH_SEARCH_PATHS = (
					"$(inherited)",
					"@executable_path/Frameworks",
					"@loader_path/Frameworks",
				);
				PRODUCT_BUNDLE_IDENTIFIER = com.vitalyprosvetov.GBTrainingAppTests;
				PRODUCT_NAME = "$(TARGET_NAME)";
				SWIFT_VERSION = 5.0;
				TARGETED_DEVICE_FAMILY = "1,2";
				TEST_HOST = "$(BUILT_PRODUCTS_DIR)/GBTrainingApp.app/GBTrainingApp";
			};
			name = Release;
		};
		E1D3D2F1252F07CA002EF01E /* Debug */ = {
			isa = XCBuildConfiguration;
			baseConfigurationReference = 4CF1277F3123925634E9263A /* Pods-GBTrainingApp-GBTrainingAppUITests.debug.xcconfig */;
			buildSettings = {
				ALWAYS_EMBED_SWIFT_STANDARD_LIBRARIES = YES;
				CODE_SIGN_STYLE = Automatic;
				DEVELOPMENT_TEAM = 7U5XZ95AHH;
				INFOPLIST_FILE = GBTrainingAppUITests/Info.plist;
				LD_RUNPATH_SEARCH_PATHS = (
					"$(inherited)",
					"@executable_path/Frameworks",
					"@loader_path/Frameworks",
				);
				PRODUCT_BUNDLE_IDENTIFIER = com.vitalyprosvetov.GBTrainingAppUITests;
				PRODUCT_NAME = "$(TARGET_NAME)";
				SWIFT_VERSION = 5.0;
				TARGETED_DEVICE_FAMILY = "1,2";
				TEST_TARGET_NAME = GBTrainingApp;
			};
			name = Debug;
		};
		E1D3D2F2252F07CA002EF01E /* Release */ = {
			isa = XCBuildConfiguration;
			baseConfigurationReference = 2D22853E2EAA47099E96381B /* Pods-GBTrainingApp-GBTrainingAppUITests.release.xcconfig */;
			buildSettings = {
				ALWAYS_EMBED_SWIFT_STANDARD_LIBRARIES = YES;
				CODE_SIGN_STYLE = Automatic;
				DEVELOPMENT_TEAM = 7U5XZ95AHH;
				INFOPLIST_FILE = GBTrainingAppUITests/Info.plist;
				LD_RUNPATH_SEARCH_PATHS = (
					"$(inherited)",
					"@executable_path/Frameworks",
					"@loader_path/Frameworks",
				);
				PRODUCT_BUNDLE_IDENTIFIER = com.vitalyprosvetov.GBTrainingAppUITests;
				PRODUCT_NAME = "$(TARGET_NAME)";
				SWIFT_VERSION = 5.0;
				TARGETED_DEVICE_FAMILY = "1,2";
				TEST_TARGET_NAME = GBTrainingApp;
			};
			name = Release;
		};
/* End XCBuildConfiguration section */

/* Begin XCConfigurationList section */
		E1D3D2B8252F07C8002EF01E /* Build configuration list for PBXProject "GBTrainingApp" */ = {
			isa = XCConfigurationList;
			buildConfigurations = (
				E1D3D2E8252F07CA002EF01E /* Debug */,
				E1D3D2E9252F07CA002EF01E /* Release */,
			);
			defaultConfigurationIsVisible = 0;
			defaultConfigurationName = Release;
		};
		E1D3D2EA252F07CA002EF01E /* Build configuration list for PBXNativeTarget "GBTrainingApp" */ = {
			isa = XCConfigurationList;
			buildConfigurations = (
				E1D3D2EB252F07CA002EF01E /* Debug */,
				E1D3D2EC252F07CA002EF01E /* Release */,
			);
			defaultConfigurationIsVisible = 0;
			defaultConfigurationName = Release;
		};
		E1D3D2ED252F07CA002EF01E /* Build configuration list for PBXNativeTarget "GBTrainingAppTests" */ = {
			isa = XCConfigurationList;
			buildConfigurations = (
				E1D3D2EE252F07CA002EF01E /* Debug */,
				E1D3D2EF252F07CA002EF01E /* Release */,
			);
			defaultConfigurationIsVisible = 0;
			defaultConfigurationName = Release;
		};
		E1D3D2F0252F07CA002EF01E /* Build configuration list for PBXNativeTarget "GBTrainingAppUITests" */ = {
			isa = XCConfigurationList;
			buildConfigurations = (
				E1D3D2F1252F07CA002EF01E /* Debug */,
				E1D3D2F2252F07CA002EF01E /* Release */,
			);
			defaultConfigurationIsVisible = 0;
			defaultConfigurationName = Release;
		};
/* End XCConfigurationList section */

/* Begin XCVersionGroup section */
		E1D3D2C9252F07C8002EF01E /* GBTrainingApp.xcdatamodeld */ = {
			isa = XCVersionGroup;
			children = (
				E1D3D2CA252F07C8002EF01E /* GBTrainingApp.xcdatamodel */,
			);
			currentVersion = E1D3D2CA252F07C8002EF01E /* GBTrainingApp.xcdatamodel */;
			path = GBTrainingApp.xcdatamodeld;
			sourceTree = "<group>";
			versionGroupType = wrapper.xcdatamodel;
		};
/* End XCVersionGroup section */
	};
	rootObject = E1D3D2B5252F07C8002EF01E /* Project object */;
}
